// !$*UTF8*$!
{
	archiveVersion = 1;
	classes = {
	};
	objectVersion = 46;
	objects = {

/* Begin PBXBuildFile section */
		75CCACDC1BDF66B00019DF89 /* main.m in Sources */ = {isa = PBXBuildFile; fileRef = 75CCACDB1BDF66B00019DF89 /* main.m */; };
		75CCACDF1BDF66B00019DF89 /* AppDelegate.m in Sources */ = {isa = PBXBuildFile; fileRef = 75CCACDE1BDF66B00019DF89 /* AppDelegate.m */; };
		75CCACE21BDF66B00019DF89 /* ViewController.m in Sources */ = {isa = PBXBuildFile; fileRef = 75CCACE11BDF66B00019DF89 /* ViewController.m */; };
		75CCACE51BDF66B00019DF89 /* Main.storyboard in Resources */ = {isa = PBXBuildFile; fileRef = 75CCACE31BDF66B00019DF89 /* Main.storyboard */; };
		75CCACE71BDF66B00019DF89 /* Assets.xcassets in Resources */ = {isa = PBXBuildFile; fileRef = 75CCACE61BDF66B00019DF89 /* Assets.xcassets */; };
		75CCACEA1BDF66B00019DF89 /* LaunchScreen.storyboard in Resources */ = {isa = PBXBuildFile; fileRef = 75CCACE81BDF66B00019DF89 /* LaunchScreen.storyboard */; };
		75CCACF31BDF677A0019DF89 /* AAViewController.m in Sources */ = {isa = PBXBuildFile; fileRef = 75CCACF21BDF677A0019DF89 /* AAViewController.m */; };
		75CCACF61BDF67860019DF89 /* BBViewController.m in Sources */ = {isa = PBXBuildFile; fileRef = 75CCACF51BDF67860019DF89 /* BBViewController.m */; };
		75CCACF91BDF811F0019DF89 /* LUHPageViewController.m in Sources */ = {isa = PBXBuildFile; fileRef = 75CCACF81BDF811F0019DF89 /* LUHPageViewController.m */; };
		75CCACFC1BDF8A310019DF89 /* LUHUnderLineButtonView.m in Sources */ = {isa = PBXBuildFile; fileRef = 75CCACFB1BDF8A310019DF89 /* LUHUnderLineButtonView.m */; };
/* End PBXBuildFile section */

/* Begin PBXFileReference section */
		75CCACD71BDF66B00019DF89 /* pageView.app */ = {isa = PBXFileReference; explicitFileType = wrapper.application; includeInIndex = 0; path = pageView.app; sourceTree = BUILT_PRODUCTS_DIR; };
		75CCACDB1BDF66B00019DF89 /* main.m */ = {isa = PBXFileReference; lastKnownFileType = sourcecode.c.objc; path = main.m; sourceTree = "<group>"; };
		75CCACDD1BDF66B00019DF89 /* AppDelegate.h */ = {isa = PBXFileReference; lastKnownFileType = sourcecode.c.h; path = AppDelegate.h; sourceTree = "<group>"; };
		75CCACDE1BDF66B00019DF89 /* AppDelegate.m */ = {isa = PBXFileReference; lastKnownFileType = sourcecode.c.objc; path = AppDelegate.m; sourceTree = "<group>"; };
		75CCACE01BDF66B00019DF89 /* ViewController.h */ = {isa = PBXFileReference; lastKnownFileType = sourcecode.c.h; path = ViewController.h; sourceTree = "<group>"; };
		75CCACE11BDF66B00019DF89 /* ViewController.m */ = {isa = PBXFileReference; lastKnownFileType = sourcecode.c.objc; path = ViewController.m; sourceTree = "<group>"; };
		75CCACE41BDF66B00019DF89 /* Base */ = {isa = PBXFileReference; lastKnownFileType = file.storyboard; name = Base; path = Base.lproj/Main.storyboard; sourceTree = "<group>"; };
		75CCACE61BDF66B00019DF89 /* Assets.xcassets */ = {isa = PBXFileReference; lastKnownFileType = folder.assetcatalog; path = Assets.xcassets; sourceTree = "<group>"; };
		75CCACE91BDF66B00019DF89 /* Base */ = {isa = PBXFileReference; lastKnownFileType = file.storyboard; name = Base; path = Base.lproj/LaunchScreen.storyboard; sourceTree = "<group>"; };
		75CCACEB1BDF66B00019DF89 /* Info.plist */ = {isa = PBXFileReference; lastKnownFileType = text.plist.xml; path = Info.plist; sourceTree = "<group>"; };
		75CCACF11BDF677A0019DF89 /* AAViewController.h */ = {isa = PBXFileReference; fileEncoding = 4; lastKnownFileType = sourcecode.c.h; path = AAViewController.h; sourceTree = "<group>"; };
		75CCACF21BDF677A0019DF89 /* AAViewController.m */ = {isa = PBXFileReference; fileEncoding = 4; lastKnownFileType = sourcecode.c.objc; path = AAViewController.m; sourceTree = "<group>"; };
		75CCACF41BDF67860019DF89 /* BBViewController.h */ = {isa = PBXFileReference; fileEncoding = 4; lastKnownFileType = sourcecode.c.h; path = BBViewController.h; sourceTree = "<group>"; };
		75CCACF51BDF67860019DF89 /* BBViewController.m */ = {isa = PBXFileReference; fileEncoding = 4; lastKnownFileType = sourcecode.c.objc; path = BBViewController.m; sourceTree = "<group>"; };
		75CCACF71BDF811F0019DF89 /* LUHPageViewController.h */ = {isa = PBXFileReference; fileEncoding = 4; lastKnownFileType = sourcecode.c.h; path = LUHPageViewController.h; sourceTree = "<group>"; };
		75CCACF81BDF811F0019DF89 /* LUHPageViewController.m */ = {isa = PBXFileReference; fileEncoding = 4; lastKnownFileType = sourcecode.c.objc; path = LUHPageViewController.m; sourceTree = "<group>"; };
		75CCACFA1BDF8A310019DF89 /* LUHUnderLineButtonView.h */ = {isa = PBXFileReference; fileEncoding = 4; lastKnownFileType = sourcecode.c.h; path = LUHUnderLineButtonView.h; sourceTree = "<group>"; };
		75CCACFB1BDF8A310019DF89 /* LUHUnderLineButtonView.m */ = {isa = PBXFileReference; fileEncoding = 4; lastKnownFileType = sourcecode.c.objc; path = LUHUnderLineButtonView.m; sourceTree = "<group>"; };
/* End PBXFileReference section */

/* Begin PBXFrameworksBuildPhase section */
		75CCACD41BDF66B00019DF89 /* Frameworks */ = {
			isa = PBXFrameworksBuildPhase;
			buildActionMask = 2147483647;
			files = (
			);
			runOnlyForDeploymentPostprocessing = 0;
		};
/* End PBXFrameworksBuildPhase section */

/* Begin PBXGroup section */
		75CCACCE1BDF66B00019DF89 = {
			isa = PBXGroup;
			children = (
				75CCACD91BDF66B00019DF89 /* pageView */,
				75CCACD81BDF66B00019DF89 /* Products */,
			);
			sourceTree = "<group>";
		};
		75CCACD81BDF66B00019DF89 /* Products */ = {
			isa = PBXGroup;
			children = (
				75CCACD71BDF66B00019DF89 /* pageView.app */,
			);
			name = Products;
			sourceTree = "<group>";
		};
		75CCACD91BDF66B00019DF89 /* pageView */ = {
			isa = PBXGroup;
			children = (
				75CCACDD1BDF66B00019DF89 /* AppDelegate.h */,
				75CCACDE1BDF66B00019DF89 /* AppDelegate.m */,
				75CCACE01BDF66B00019DF89 /* ViewController.h */,
				75CCACE11BDF66B00019DF89 /* ViewController.m */,
				75CCACF71BDF811F0019DF89 /* LUHPageViewController.h */,
				75CCACF81BDF811F0019DF89 /* LUHPageViewController.m */,
				75CCACFA1BDF8A310019DF89 /* LUHUnderLineButtonView.h */,
				75CCACFB1BDF8A310019DF89 /* LUHUnderLineButtonView.m */,
				75CCACF11BDF677A0019DF89 /* AAViewController.h */,
				75CCACF21BDF677A0019DF89 /* AAViewController.m */,
				75CCACF41BDF67860019DF89 /* BBViewController.h */,
				75CCACF51BDF67860019DF89 /* BBViewController.m */,
				75CCACE31BDF66B00019DF89 /* Main.storyboard */,
				75CCACE61BDF66B00019DF89 /* Assets.xcassets */,
				75CCACE81BDF66B00019DF89 /* LaunchScreen.storyboard */,
				75CCACEB1BDF66B00019DF89 /* Info.plist */,
				75CCACDA1BDF66B00019DF89 /* Supporting Files */,
			);
			path = pageView;
			sourceTree = "<group>";
		};
		75CCACDA1BDF66B00019DF89 /* Supporting Files */ = {
			isa = PBXGroup;
			children = (
				75CCACDB1BDF66B00019DF89 /* main.m */,
			);
			name = "Supporting Files";
			sourceTree = "<group>";
		};
/* End PBXGroup section */

/* Begin PBXNativeTarget section */
		75CCACD61BDF66B00019DF89 /* pageView */ = {
			isa = PBXNativeTarget;
			buildConfigurationList = 75CCACEE1BDF66B00019DF89 /* Build configuration list for PBXNativeTarget "pageView" */;
			buildPhases = (
				75CCACD31BDF66B00019DF89 /* Sources */,
				75CCACD41BDF66B00019DF89 /* Frameworks */,
				75CCACD51BDF66B00019DF89 /* Resources */,
			);
			buildRules = (
			);
			dependencies = (
			);
			name = pageView;
			productName = pageView;
			productReference = 75CCACD71BDF66B00019DF89 /* pageView.app */;
			productType = "com.apple.product-type.application";
		};
/* End PBXNativeTarget section */

/* Begin PBXProject section */
		75CCACCF1BDF66B00019DF89 /* Project object */ = {
			isa = PBXProject;
			attributes = {
				LastUpgradeCheck = 0710;
				ORGANIZATIONNAME = Hawe;
				TargetAttributes = {
					75CCACD61BDF66B00019DF89 = {
						CreatedOnToolsVersion = 7.1;
					};
				};
			};
			buildConfigurationList = 75CCACD21BDF66B00019DF89 /* Build configuration list for PBXProject "pageView" */;
			compatibilityVersion = "Xcode 3.2";
			developmentRegion = English;
			hasScannedForEncodings = 0;
			knownRegions = (
				en,
				Base,
			);
			mainGroup = 75CCACCE1BDF66B00019DF89;
			productRefGroup = 75CCACD81BDF66B00019DF89 /* Products */;
			projectDirPath = "";
			projectRoot = "";
			targets = (
				75CCACD61BDF66B00019DF89 /* pageView */,
			);
		};
/* End PBXProject section */

/* Begin PBXResourcesBuildPhase section */
		75CCACD51BDF66B00019DF89 /* Resources */ = {
			isa = PBXResourcesBuildPhase;
			buildActionMask = 2147483647;
			files = (
				75CCACEA1BDF66B00019DF89 /* LaunchScreen.storyboard in Resources */,
				75CCACE71BDF66B00019DF89 /* Assets.xcassets in Resources */,
				75CCACE51BDF66B00019DF89 /* Main.storyboard in Resources */,
			);
			runOnlyForDeploymentPostprocessing = 0;
		};
/* End PBXResourcesBuildPhase section */

/* Begin PBXSourcesBuildPhase section */
		75CCACD31BDF66B00019DF89 /* Sources */ = {
			isa = PBXSourcesBuildPhase;
			buildActionMask = 2147483647;
			files = (
				75CCACE21BDF66B00019DF89 /* ViewController.m in Sources */,
				75CCACDF1BDF66B00019DF89 /* AppDelegate.m in Sources */,
				75CCACF61BDF67860019DF89 /* BBViewController.m in Sources */,
				75CCACF31BDF677A0019DF89 /* AAViewController.m in Sources */,
				75CCACFC1BDF8A310019DF89 /* LUHUnderLineButtonView.m in Sources */,
				75CCACDC1BDF66B00019DF89 /* main.m in Sources */,
				75CCACF91BDF811F0019DF89 /* LUHPageViewController.m in Sources */,
			);
			runOnlyForDeploymentPostprocessing = 0;
		};
/* End PBXSourcesBuildPhase section */

/* Begin PBXVariantGroup section */
		75CCACE31BDF66B00019DF89 /* Main.storyboard */ = {
			isa = PBXVariantGroup;
			children = (
				75CCACE41BDF66B00019DF89 /* Base */,
			);
			name = Main.storyboard;
			sourceTree = "<group>";
		};
		75CCACE81BDF66B00019DF89 /* LaunchScreen.storyboard */ = {
			isa = PBXVariantGroup;
			children = (
				75CCACE91BDF66B00019DF89 /* Base */,
			);
			name = LaunchScreen.storyboard;
			sourceTree = "<group>";
		};
/* End PBXVariantGroup section */

/* Begin XCBuildConfiguration section */
		75CCACEC1BDF66B00019DF89 /* Debug */ = {
			isa = XCBuildConfiguration;
			buildSettings = {
				ALWAYS_SEARCH_USER_PATHS = NO;
				CLANG_CXX_LANGUAGE_STANDARD = "gnu++0x";
				CLANG_CXX_LIBRARY = "libc++";
				CLANG_ENABLE_MODULES = YES;
				CLANG_ENABLE_OBJC_ARC = YES;
				CLANG_WARN_BOOL_CONVERSION = YES;
				CLANG_WARN_CONSTANT_CONVERSION = YES;
				CLANG_WARN_DIRECT_OBJC_ISA_USAGE = YES_ERROR;
				CLANG_WARN_EMPTY_BODY = YES;
				CLANG_WARN_ENUM_CONVERSION = YES;
				CLANG_WARN_INT_CONVERSION = YES;
				CLANG_WARN_OBJC_ROOT_CLASS = YES_ERROR;
				CLANG_WARN_UNREACHABLE_CODE = YES;
				CLANG_WARN__DUPLICATE_METHOD_MATCH = YES;
				"CODE_SIGN_IDENTITY[sdk=iphoneos*]" = "iPhone Developer";
				COPY_PHASE_STRIP = NO;
				DEBUG_INFORMATION_FORMAT = dwarf;
				ENABLE_STRICT_OBJC_MSGSEND = YES;
				ENABLE_TESTABILITY = YES;
				GCC_C_LANGUAGE_STANDARD = gnu99;
				GCC_DYNAMIC_NO_PIC = NO;
				GCC_NO_COMMON_BLOCKS = YES;
				GCC_OPTIMIZATION_LEVEL = 0;
				GCC_PREPROCESSOR_DEFINITIONS = (
					"DEBUG=1",
					"$(inherited)",
				);
				GCC_WARN_64_TO_32_BIT_CONVERSION = YES;
				GCC_WARN_ABOUT_RETURN_TYPE = YES_ERROR;
				GCC_WARN_UNDECLARED_SELECTOR = YES;
				GCC_WARN_UNINITIALIZED_AUTOS = YES_AGGRESSIVE;
				GCC_WARN_UNUSED_FUNCTION = YES;
				GCC_WARN_UNUSED_VARIABLE = YES;
				IPHONEOS_DEPLOYMENT_TARGET = 9.1;
				MTL_ENABLE_DEBUG_INFO = YES;
				ONLY_ACTIVE_ARCH = YES;
				SDKROOT = iphoneos;
				TARGETED_DEVICE_FAMILY = "1,2";
			};
			name = Debug;
		};
		75CCACED1BDF66B00019DF89 /* Release */ = {
			isa = XCBuildConfiguration;
			buildSettings = {
				ALWAYS_SEARCH_USER_PATHS = NO;
				CLANG_CXX_LANGUAGE_STANDARD = "gnu++0x";
				CLANG_CXX_LIBRARY = "libc++";
				CLANG_ENABLE_MODULES = YES;
				CLANG_ENABLE_OBJC_ARC = YES;
				CLANG_WARN_BOOL_CONVERSION = YES;
				CLANG_WARN_CONSTANT_CONVERSION = YES;
				CLANG_WARN_DIRECT_OBJC_ISA_USAGE = YES_ERROR;
				CLANG_WARN_EMPTY_BODY = YES;
				CLANG_WARN_ENUM_CONVERSION = YES;
				CLANG_WARN_INT_CONVERSION = YES;
				CLANG_WARN_OBJC_ROOT_CLASS = YES_ERROR;
				CLANG_WARN_UNREACHABLE_CODE = YES;
				CLANG_WARN__DUPLICATE_METHOD_MATCH = YES;
				"CODE_SIGN_IDENTITY[sdk=iphoneos*]" = "iPhone Developer";
				COPY_PHASE_STRIP = NO;
				DEBUG_INFORMATION_FORMAT = "dwarf-with-dsym";
				ENABLE_NS_ASSERTIONS = NO;
				ENABLE_STRICT_OBJC_MSGSEND = YES;
				GCC_C_LANGUAGE_STANDARD = gnu99;
				GCC_NO_COMMON_BLOCKS = YES;
				GCC_WARN_64_TO_32_BIT_CONVERSION = YES;
				GCC_WARN_ABOUT_RETURN_TYPE = YES_ERROR;
				GCC_WARN_UNDECLARED_SELECTOR = YES;
				GCC_WARN_UNINITIALIZED_AUTOS = YES_AGGRESSIVE;
				GCC_WARN_UNUSED_FUNCTION = YES;
				GCC_WARN_UNUSED_VARIABLE = YES;
				IPHONEOS_DEPLOYMENT_TARGET = 9.1;
				MTL_ENABLE_DEBUG_INFO = NO;
				SDKROOT = iphoneos;
				TARGETED_DEVICE_FAMILY = "1,2";
				VALIDATE_PRODUCT = YES;
			};
			name = Release;
		};
		75CCACEF1BDF66B00019DF89 /* Debug */ = {
			isa = XCBuildConfiguration;
			buildSettings = {
				ASSETCATALOG_COMPILER_APPICON_NAME = AppIcon;
				INFOPLIST_FILE = pageView/Info.plist;
				LD_RUNPATH_SEARCH_PATHS = "$(inherited) @executable_path/Frameworks";
				PRODUCT_BUNDLE_IDENTIFIER = com.koneey.hawe.pageView;
				PRODUCT_NAME = "$(TARGET_NAME)";
			};
			name = Debug;
		};
		75CCACF01BDF66B00019DF89 /* Release */ = {
			isa = XCBuildConfiguration;
			buildSettings = {
				ASSETCATALOG_COMPILER_APPICON_NAME = AppIcon;
				INFOPLIST_FILE = pageView/Info.plist;
				LD_RUNPATH_SEARCH_PATHS = "$(inherited) @executable_path/Frameworks";
				PRODUCT_BUNDLE_IDENTIFIER = com.koneey.hawe.pageView;
				PRODUCT_NAME = "$(TARGET_NAME)";
			};
			name = Release;
		};
/* End XCBuildConfiguration section */

/* Begin XCConfigurationList section */
		75CCACD21BDF66B00019DF89 /* Build configuration list for PBXProject "pageView" */ = {
			isa = XCConfigurationList;
			buildConfigurations = (
				75CCACEC1BDF66B00019DF89 /* Debug */,
				75CCACED1BDF66B00019DF89 /* Release */,
			);
			defaultConfigurationIsVisible = 0;
			defaultConfigurationName = Release;
		};
		75CCACEE1BDF66B00019DF89 /* Build configuration list for PBXNativeTarget "pageView" */ = {
			isa = XCConfigurationList;
			buildConfigurations = (
				75CCACEF1BDF66B00019DF89 /* Debug */,
				75CCACF01BDF66B00019DF89 /* Release */,
			);
			defaultConfigurationIsVisible = 0;
		};
/* End XCConfigurationList section */
	};
	rootObject = 75CCACCF1BDF66B00019DF89 /* Project object */;
}
